
Microsoft Visual Studio Solution File, Format Version 12.00
# Visual Studio Version 16
VisualStudioVersion = 16.0.30804.86
MinimumVisualStudioVersion = 10.0.40219.1
Project("{FAE04EC0-301F-11D3-BF4B-00C04F79EFBC}") = "Reversi", "Reversi.csproj", "{02597B6F-BB51-4C7C-9F06-785677954EB2}"
EndProject
Global
	GlobalSection(SolutionConfigurationPlatforms) = preSolution
		Debug|Any CPU = Debug|Any CPU
		Release|Any CPU = Release|Any CPU
	EndGlobalSection
	GlobalSection(ProjectConfigurationPlatforms) = postSolution
		{02597B6F-BB51-4C7C-9F06-785677954EB2}.Debug|Any CPU.ActiveCfg = Debug|Any CPU
		{02597B6F-BB51-4C7C-9F06-785677954EB2}.Debug|Any CPU.Build.0 = Debug|Any CPU
		{02597B6F-BB51-4C7C-9F06-785677954EB2}.Release|Any CPU.ActiveCfg = Release|Any CPU
		{02597B6F-BB51-4C7C-9F06-785677954EB2}.Release|Any CPU.Build.0 = Release|Any CPU
	EndGlobalSection
	GlobalSection(SolutionProperties) = preSolution
		HideSolutionNode = FALSE
	EndGlobalSection
	GlobalSection(ExtensibilityGlobals) = postSolution
		SolutionGuid = {4DE7C312-39E9-4197-9555-E852C75B959C}
	EndGlobalSection
EndGlobal
